
Microsoft Visual Studio Solution File, Format Version 12.00
# Visual Studio 15
VisualStudioVersion = 15.0.27703.2035
MinimumVisualStudioVersion = 10.0.40219.1
Project("{FAE04EC0-301F-11D3-BF4B-00C04F79EFBC}") = "Marius.Yoga", "Marius.Yoga\Marius.Yoga.csproj", "{9060957D-FF0B-4B14-BB87-EE24B5170365}"
EndProject
Project("{FAE04EC0-301F-11D3-BF4B-00C04F79EFBC}") = "Marius.Yoga.Test", "Marius.Yoga.Test\Marius.Yoga.Test.csproj", "{D352B9D8-ECFD-4E32-A86D-7EF3C13F8F0D}"
EndProject
Global
	GlobalSection(SolutionConfigurationPlatforms) = preSolution
		Debug|Any CPU = Debug|Any CPU
		Release|Any CPU = Release|Any CPU
	EndGlobalSection
	GlobalSection(ProjectConfigurationPlatforms) = postSolution
		{9060957D-FF0B-4B14-BB87-EE24B5170365}.Debug|Any CPU.ActiveCfg = Debug|Any CPU
		{9060957D-FF0B-4B14-BB87-EE24B5170365}.Debug|Any CPU.Build.0 = Debug|Any CPU
		{9060957D-FF0B-4B14-BB87-EE24B5170365}.Release|Any CPU.ActiveCfg = Release|Any CPU
		{9060957D-FF0B-4B14-BB87-EE24B5170365}.Release|Any CPU.Build.0 = Release|Any CPU
		{D352B9D8-ECFD-4E32-A86D-7EF3C13F8F0D}.Debug|Any CPU.ActiveCfg = Debug|Any CPU
		{D352B9D8-ECFD-4E32-A86D-7EF3C13F8F0D}.Debug|Any CPU.Build.0 = Debug|Any CPU
		{D352B9D8-ECFD-4E32-A86D-7EF3C13F8F0D}.Release|Any CPU.ActiveCfg = Release|Any CPU
		{D352B9D8-ECFD-4E32-A86D-7EF3C13F8F0D}.Release|Any CPU.Build.0 = Release|Any CPU
	EndGlobalSection
	GlobalSection(SolutionProperties) = preSolution
		HideSolutionNode = FALSE
	EndGlobalSection
	GlobalSection(ExtensibilityGlobals) = postSolution
		SolutionGuid = {1001B4EB-6BAB-4EFA-9EAA-77D18A9BE436}
	EndGlobalSection
EndGlobal
